// !$*UTF8*$!
{
	archiveVersion = 1;
	classes = {
	};
	objectVersion = 56;
	objects = {

/* Begin PBXBuildFile section */
		744EF3292AD55B2C00CDA522 /* ee.swift in Sources */ = {isa = PBXBuildFile; fileRef = 744EF3282AD55B2C00CDA522 /* ee.swift */; };
		748E5A382ACD5C16007C2BB8 /* AgentApp.swift in Sources */ = {isa = PBXBuildFile; fileRef = 748E5A372ACD5C16007C2BB8 /* AgentApp.swift */; };
		748E5A3C2ACD5C17007C2BB8 /* Assets.xcassets in Resources */ = {isa = PBXBuildFile; fileRef = 748E5A3B2ACD5C17007C2BB8 /* Assets.xcassets */; };
		748E5A3F2ACD5C17007C2BB8 /* Preview Assets.xcassets in Resources */ = {isa = PBXBuildFile; fileRef = 748E5A3E2ACD5C17007C2BB8 /* Preview Assets.xcassets */; };
		748E5A492ACD5DB8007C2BB8 /* MainView.swift in Sources */ = {isa = PBXBuildFile; fileRef = 748E5A482ACD5DB8007C2BB8 /* MainView.swift */; };
		74B732332ACD694D0085C8D5 /* EnterView.swift in Sources */ = {isa = PBXBuildFile; fileRef = 74B732322ACD694D0085C8D5 /* EnterView.swift */; };
		74B732352ACD6C860085C8D5 /* RefistationView.swift in Sources */ = {isa = PBXBuildFile; fileRef = 74B732342ACD6C860085C8D5 /* RefistationView.swift */; };
		74CF514D2ACDB37700B0F8C5 /* er.swift in Sources */ = {isa = PBXBuildFile; fileRef = 74CF514C2ACDB37700B0F8C5 /* er.swift */; };
		74CF514F2ACF3C4400B0F8C5 /* WorkView.swift in Sources */ = {isa = PBXBuildFile; fileRef = 74CF514E2ACF3C4400B0F8C5 /* WorkView.swift */; };
		74E62FCA2AD7E2B100E1C846 /* ImagePicker.swift in Sources */ = {isa = PBXBuildFile; fileRef = 74E62FC92AD7E2B100E1C846 /* ImagePicker.swift */; };
		74E62FCC2AD7E2E000E1C846 /* ProfileImageMod.swift in Sources */ = {isa = PBXBuildFile; fileRef = 74E62FCB2AD7E2E000E1C846 /* ProfileImageMod.swift */; };
/* End PBXBuildFile section */

/* Begin PBXFileReference section */
		744EF3282AD55B2C00CDA522 /* ee.swift */ = {isa = PBXFileReference; lastKnownFileType = sourcecode.swift; path = ee.swift; sourceTree = "<group>"; };
		748E5A342ACD5C16007C2BB8 /* Agent.app */ = {isa = PBXFileReference; explicitFileType = wrapper.application; includeInIndex = 0; path = Agent.app; sourceTree = BUILT_PRODUCTS_DIR; };
		748E5A372ACD5C16007C2BB8 /* AgentApp.swift */ = {isa = PBXFileReference; lastKnownFileType = sourcecode.swift; path = AgentApp.swift; sourceTree = "<group>"; };
		748E5A3B2ACD5C17007C2BB8 /* Assets.xcassets */ = {isa = PBXFileReference; lastKnownFileType = folder.assetcatalog; path = Assets.xcassets; sourceTree = "<group>"; };
		748E5A3E2ACD5C17007C2BB8 /* Preview Assets.xcassets */ = {isa = PBXFileReference; lastKnownFileType = folder.assetcatalog; path = "Preview Assets.xcassets"; sourceTree = "<group>"; };
		748E5A482ACD5DB8007C2BB8 /* MainView.swift */ = {isa = PBXFileReference; lastKnownFileType = sourcecode.swift; path = MainView.swift; sourceTree = "<group>"; };
		74B732322ACD694D0085C8D5 /* EnterView.swift */ = {isa = PBXFileReference; lastKnownFileType = sourcecode.swift; path = EnterView.swift; sourceTree = "<group>"; };
		74B732342ACD6C860085C8D5 /* RefistationView.swift */ = {isa = PBXFileReference; lastKnownFileType = sourcecode.swift; path = RefistationView.swift; sourceTree = "<group>"; };
		74CF514C2ACDB37700B0F8C5 /* er.swift */ = {isa = PBXFileReference; lastKnownFileType = sourcecode.swift; path = er.swift; sourceTree = "<group>"; };
		74CF514E2ACF3C4400B0F8C5 /* WorkView.swift */ = {isa = PBXFileReference; lastKnownFileType = sourcecode.swift; path = WorkView.swift; sourceTree = "<group>"; };
		74E62FC92AD7E2B100E1C846 /* ImagePicker.swift */ = {isa = PBXFileReference; lastKnownFileType = sourcecode.swift; path = ImagePicker.swift; sourceTree = "<group>"; };
		74E62FCB2AD7E2E000E1C846 /* ProfileImageMod.swift */ = {isa = PBXFileReference; lastKnownFileType = sourcecode.swift; path = ProfileImageMod.swift; sourceTree = "<group>"; };
/* End PBXFileReference section */

/* Begin PBXFrameworksBuildPhase section */
		748E5A312ACD5C16007C2BB8 /* Frameworks */ = {
			isa = PBXFrameworksBuildPhase;
			buildActionMask = 2147483647;
			files = (
			);
			runOnlyForDeploymentPostprocessing = 0;
		};
/* End PBXFrameworksBuildPhase section */

/* Begin PBXGroup section */
		748E5A2B2ACD5C16007C2BB8 = {
			isa = PBXGroup;
			children = (
				748E5A362ACD5C16007C2BB8 /* Agent */,
				748E5A352ACD5C16007C2BB8 /* Products */,
			);
			sourceTree = "<group>";
		};
		748E5A352ACD5C16007C2BB8 /* Products */ = {
			isa = PBXGroup;
			children = (
				748E5A342ACD5C16007C2BB8 /* Agent.app */,
			);
			name = Products;
			sourceTree = "<group>";
		};
		748E5A362ACD5C16007C2BB8 /* Agent */ = {
			isa = PBXGroup;
			children = (
				748E5A372ACD5C16007C2BB8 /* AgentApp.swift */,
				748E5A452ACD5C4E007C2BB8 /* Models */,
				748E5A472ACD5C66007C2BB8 /* ViewMOdel */,
				748E5A462ACD5C5B007C2BB8 /* Views */,
				748E5A3B2ACD5C17007C2BB8 /* Assets.xcassets */,
				748E5A3D2ACD5C17007C2BB8 /* Preview Content */,
			);
			path = Agent;
			sourceTree = "<group>";
		};
		748E5A3D2ACD5C17007C2BB8 /* Preview Content */ = {
			isa = PBXGroup;
			children = (
				748E5A3E2ACD5C17007C2BB8 /* Preview Assets.xcassets */,
			);
			path = "Preview Content";
			sourceTree = "<group>";
		};
		748E5A452ACD5C4E007C2BB8 /* Models */ = {
			isa = PBXGroup;
			children = (
			);
			path = Models;
			sourceTree = "<group>";
		};
		748E5A462ACD5C5B007C2BB8 /* Views */ = {
			isa = PBXGroup;
			children = (
				748E5A482ACD5DB8007C2BB8 /* MainView.swift */,
				74B732322ACD694D0085C8D5 /* EnterView.swift */,
				74B732342ACD6C860085C8D5 /* RefistationView.swift */,
				74CF514C2ACDB37700B0F8C5 /* er.swift */,
				74CF514E2ACF3C4400B0F8C5 /* WorkView.swift */,
				744EF3282AD55B2C00CDA522 /* ee.swift */,
				74E62FC92AD7E2B100E1C846 /* ImagePicker.swift */,
				74E62FCB2AD7E2E000E1C846 /* ProfileImageMod.swift */,
			);
			path = Views;
			sourceTree = "<group>";
		};
		748E5A472ACD5C66007C2BB8 /* ViewMOdel */ = {
			isa = PBXGroup;
			children = (
			);
			path = ViewMOdel;
			sourceTree = "<group>";
		};
/* End PBXGroup section */

/* Begin PBXNativeTarget section */
		748E5A332ACD5C16007C2BB8 /* Agent */ = {
			isa = PBXNativeTarget;
			buildConfigurationList = 748E5A422ACD5C17007C2BB8 /* Build configuration list for PBXNativeTarget "Agent" */;
			buildPhases = (
				748E5A302ACD5C16007C2BB8 /* Sources */,
				748E5A312ACD5C16007C2BB8 /* Frameworks */,
				748E5A322ACD5C16007C2BB8 /* Resources */,
			);
			buildRules = (
			);
			dependencies = (
			);
			name = Agent;
			productName = Agent;
			productReference = 748E5A342ACD5C16007C2BB8 /* Agent.app */;
			productType = "com.apple.product-type.application";
		};
/* End PBXNativeTarget section */

/* Begin PBXProject section */
		748E5A2C2ACD5C16007C2BB8 /* Project object */ = {
			isa = PBXProject;
			attributes = {
				BuildIndependentTargetsInParallel = 1;
				LastSwiftUpdateCheck = 1420;
				LastUpgradeCheck = 1420;
				TargetAttributes = {
					748E5A332ACD5C16007C2BB8 = {
						CreatedOnToolsVersion = 14.2;
					};
				};
			};
			buildConfigurationList = 748E5A2F2ACD5C16007C2BB8 /* Build configuration list for PBXProject "Agent" */;
			compatibilityVersion = "Xcode 14.0";
			developmentRegion = en;
			hasScannedForEncodings = 0;
			knownRegions = (
				en,
				Base,
			);
			mainGroup = 748E5A2B2ACD5C16007C2BB8;
			productRefGroup = 748E5A352ACD5C16007C2BB8 /* Products */;
			projectDirPath = "";
			projectRoot = "";
			targets = (
				748E5A332ACD5C16007C2BB8 /* Agent */,
			);
		};
/* End PBXProject section */

/* Begin PBXResourcesBuildPhase section */
		748E5A322ACD5C16007C2BB8 /* Resources */ = {
			isa = PBXResourcesBuildPhase;
			buildActionMask = 2147483647;
			files = (
				748E5A3F2ACD5C17007C2BB8 /* Preview Assets.xcassets in Resources */,
				748E5A3C2ACD5C17007C2BB8 /* Assets.xcassets in Resources */,
			);
			runOnlyForDeploymentPostprocessing = 0;
		};
/* End PBXResourcesBuildPhase section */

/* Begin PBXSourcesBuildPhase section */
		748E5A302ACD5C16007C2BB8 /* Sources */ = {
			isa = PBXSourcesBuildPhase;
			buildActionMask = 2147483647;
			files = (
				748E5A382ACD5C16007C2BB8 /* AgentApp.swift in Sources */,
				74CF514F2ACF3C4400B0F8C5 /* WorkView.swift in Sources */,
				74E62FCC2AD7E2E000E1C846 /* ProfileImageMod.swift in Sources */,
				744EF3292AD55B2C00CDA522 /* ee.swift in Sources */,
				748E5A492ACD5DB8007C2BB8 /* MainView.swift in Sources */,
				74CF514D2ACDB37700B0F8C5 /* er.swift in Sources */,
				74E62FCA2AD7E2B100E1C846 /* ImagePicker.swift in Sources */,
				74B732332ACD694D0085C8D5 /* EnterView.swift in Sources */,
				74B732352ACD6C860085C8D5 /* RefistationView.swift in Sources */,
			);
			runOnlyForDeploymentPostprocessing = 0;
		};
/* End PBXSourcesBuildPhase section */

/* Begin XCBuildConfiguration section */
		748E5A402ACD5C17007C2BB8 /* Debug */ = {
			isa = XCBuildConfiguration;
			buildSettings = {
				ALWAYS_SEARCH_USER_PATHS = NO;
				CLANG_ANALYZER_NONNULL = YES;
				CLANG_ANALYZER_NUMBER_OBJECT_CONVERSION = YES_AGGRESSIVE;
				CLANG_CXX_LANGUAGE_STANDARD = "gnu++20";
				CLANG_ENABLE_MODULES = YES;
				CLANG_ENABLE_OBJC_ARC = YES;
				CLANG_ENABLE_OBJC_WEAK = YES;
				CLANG_WARN_BLOCK_CAPTURE_AUTORELEASING = YES;
				CLANG_WARN_BOOL_CONVERSION = YES;
				CLANG_WARN_COMMA = YES;
				CLANG_WARN_CONSTANT_CONVERSION = YES;
				CLANG_WARN_DEPRECATED_OBJC_IMPLEMENTATIONS = YES;
				CLANG_WARN_DIRECT_OBJC_ISA_USAGE = YES_ERROR;
				CLANG_WARN_DOCUMENTATION_COMMENTS = YES;
				CLANG_WARN_EMPTY_BODY = YES;
				CLANG_WARN_ENUM_CONVERSION = YES;
				CLANG_WARN_INFINITE_RECURSION = YES;
				CLANG_WARN_INT_CONVERSION = YES;
				CLANG_WARN_NON_LITERAL_NULL_CONVERSION = YES;
				CLANG_WARN_OBJC_IMPLICIT_RETAIN_SELF = YES;
				CLANG_WARN_OBJC_LITERAL_CONVERSION = YES;
				CLANG_WARN_OBJC_ROOT_CLASS = YES_ERROR;
				CLANG_WARN_QUOTED_INCLUDE_IN_FRAMEWORK_HEADER = YES;
				CLANG_WARN_RANGE_LOOP_ANALYSIS = YES;
				CLANG_WARN_STRICT_PROTOTYPES = YES;
				CLANG_WARN_SUSPICIOUS_MOVE = YES;
				CLANG_WARN_UNGUARDED_AVAILABILITY = YES_AGGRESSIVE;
				CLANG_WARN_UNREACHABLE_CODE = YES;
				CLANG_WARN__DUPLICATE_METHOD_MATCH = YES;
				COPY_PHASE_STRIP = NO;
				DEBUG_INFORMATION_FORMAT = dwarf;
				ENABLE_STRICT_OBJC_MSGSEND = YES;
				ENABLE_TESTABILITY = YES;
				GCC_C_LANGUAGE_STANDARD = gnu11;
				GCC_DYNAMIC_NO_PIC = NO;
				GCC_NO_COMMON_BLOCKS = YES;
				GCC_OPTIMIZATION_LEVEL = 0;
				GCC_PREPROCESSOR_DEFINITIONS = (
					"DEBUG=1",
					"$(inherited)",
				);
				GCC_WARN_64_TO_32_BIT_CONVERSION = YES;
				GCC_WARN_ABOUT_RETURN_TYPE = YES_ERROR;
				GCC_WARN_UNDECLARED_SELECTOR = YES;
				GCC_WARN_UNINITIALIZED_AUTOS = YES_AGGRESSIVE;
				GCC_WARN_UNUSED_FUNCTION = YES;
				GCC_WARN_UNUSED_VARIABLE = YES;
				IPHONEOS_DEPLOYMENT_TARGET = 16.2;
				MTL_ENABLE_DEBUG_INFO = INCLUDE_SOURCE;
				MTL_FAST_MATH = YES;
				ONLY_ACTIVE_ARCH = YES;
				SDKROOT = iphoneos;
				SWIFT_ACTIVE_COMPILATION_CONDITIONS = DEBUG;
				SWIFT_OPTIMIZATION_LEVEL = "-Onone";
			};
			name = Debug;
		};
		748E5A412ACD5C17007C2BB8 /* Release */ = {
			isa = XCBuildConfiguration;
			buildSettings = {
				ALWAYS_SEARCH_USER_PATHS = NO;
				CLANG_ANALYZER_NONNULL = YES;
				CLANG_ANALYZER_NUMBER_OBJECT_CONVERSION = YES_AGGRESSIVE;
				CLANG_CXX_LANGUAGE_STANDARD = "gnu++20";
				CLANG_ENABLE_MODULES = YES;
				CLANG_ENABLE_OBJC_ARC = YES;
				CLANG_ENABLE_OBJC_WEAK = YES;
				CLANG_WARN_BLOCK_CAPTURE_AUTORELEASING = YES;
				CLANG_WARN_BOOL_CONVERSION = YES;
				CLANG_WARN_COMMA = YES;
				CLANG_WARN_CONSTANT_CONVERSION = YES;
				CLANG_WARN_DEPRECATED_OBJC_IMPLEMENTATIONS = YES;
				CLANG_WARN_DIRECT_OBJC_ISA_USAGE = YES_ERROR;
				CLANG_WARN_DOCUMENTATION_COMMENTS = YES;
				CLANG_WARN_EMPTY_BODY = YES;
				CLANG_WARN_ENUM_CONVERSION = YES;
				CLANG_WARN_INFINITE_RECURSION = YES;
				CLANG_WARN_INT_CONVERSION = YES;
				CLANG_WARN_NON_LITERAL_NULL_CONVERSION = YES;
				CLANG_WARN_OBJC_IMPLICIT_RETAIN_SELF = YES;
				CLANG_WARN_OBJC_LITERAL_CONVERSION = YES;
				CLANG_WARN_OBJC_ROOT_CLASS = YES_ERROR;
				CLANG_WARN_QUOTED_INCLUDE_IN_FRAMEWORK_HEADER = YES;
				CLANG_WARN_RANGE_LOOP_ANALYSIS = YES;
				CLANG_WARN_STRICT_PROTOTYPES = YES;
				CLANG_WARN_SUSPICIOUS_MOVE = YES;
				CLANG_WARN_UNGUARDED_AVAILABILITY = YES_AGGRESSIVE;
				CLANG_WARN_UNREACHABLE_CODE = YES;
				CLANG_WARN__DUPLICATE_METHOD_MATCH = YES;
				COPY_PHASE_STRIP = NO;
				DEBUG_INFORMATION_FORMAT = "dwarf-with-dsym";
				ENABLE_NS_ASSERTIONS = NO;
				ENABLE_STRICT_OBJC_MSGSEND = YES;
				GCC_C_LANGUAGE_STANDARD = gnu11;
				GCC_NO_COMMON_BLOCKS = YES;
				GCC_WARN_64_TO_32_BIT_CONVERSION = YES;
				GCC_WARN_ABOUT_RETURN_TYPE = YES_ERROR;
				GCC_WARN_UNDECLARED_SELECTOR = YES;
				GCC_WARN_UNINITIALIZED_AUTOS = YES_AGGRESSIVE;
				GCC_WARN_UNUSED_FUNCTION = YES;
				GCC_WARN_UNUSED_VARIABLE = YES;
				IPHONEOS_DEPLOYMENT_TARGET = 16.2;
				MTL_ENABLE_DEBUG_INFO = NO;
				MTL_FAST_MATH = YES;
				SDKROOT = iphoneos;
				SWIFT_COMPILATION_MODE = wholemodule;
				SWIFT_OPTIMIZATION_LEVEL = "-O";
				VALIDATE_PRODUCT = YES;
			};
			name = Release;
		};
		748E5A432ACD5C17007C2BB8 /* Debug */ = {
			isa = XCBuildConfiguration;
			buildSettings = {
				ASSETCATALOG_COMPILER_APPICON_NAME = AppIcon;
				ASSETCATALOG_COMPILER_GLOBAL_ACCENT_COLOR_NAME = AccentColor;
				CODE_SIGN_STYLE = Automatic;
				CURRENT_PROJECT_VERSION = 1;
				DEVELOPMENT_ASSET_PATHS = "\"Agent/Preview Content\"";
				DEVELOPMENT_TEAM = UNNHDW848F;
				ENABLE_PREVIEWS = YES;
				GENERATE_INFOPLIST_FILE = YES;
				INFOPLIST_KEY_UIApplicationSceneManifest_Generation = YES;
				INFOPLIST_KEY_UIApplicationSupportsIndirectInputEvents = YES;
				INFOPLIST_KEY_UILaunchScreen_Generation = YES;
				INFOPLIST_KEY_UISupportedInterfaceOrientations_iPad = "UIInterfaceOrientationPortrait UIInterfaceOrientationPortraitUpsideDown UIInterfaceOrientationLandscapeLeft UIInterfaceOrientationLandscapeRight";
				INFOPLIST_KEY_UISupportedInterfaceOrientations_iPhone = "UIInterfaceOrientationPortrait UIInterfaceOrientationLandscapeLeft UIInterfaceOrientationLandscapeRight";
				LD_RUNPATH_SEARCH_PATHS = (
					"$(inherited)",
					"@executable_path/Frameworks",
				);
				MARKETING_VERSION = 1.0;
				PRODUCT_BUNDLE_IDENTIFIER = lesson1.Agent;
				PRODUCT_NAME = "$(TARGET_NAME)";
				SWIFT_EMIT_LOC_STRINGS = YES;
				SWIFT_VERSION = 5.0;
				TARGETED_DEVICE_FAMILY = "1,2";
			};
			name = Debug;
		};
		748E5A442ACD5C17007C2BB8 /* Release */ = {
			isa = XCBuildConfiguration;
			buildSettings = {
				ASSETCATALOG_COMPILER_APPICON_NAME = AppIcon;
				ASSETCATALOG_COMPILER_GLOBAL_ACCENT_COLOR_NAME = AccentColor;
				CODE_SIGN_STYLE = Automatic;
				CURRENT_PROJECT_VERSION = 1;
				DEVELOPMENT_ASSET_PATHS = "\"Agent/Preview Content\"";
				DEVELOPMENT_TEAM = UNNHDW848F;
				ENABLE_PREVIEWS = YES;
				GENERATE_INFOPLIST_FILE = YES;
				INFOPLIST_KEY_UIApplicationSceneManifest_Generation = YES;
				INFOPLIST_KEY_UIApplicationSupportsIndirectInputEvents = YES;
				INFOPLIST_KEY_UILaunchScreen_Generation = YES;
				INFOPLIST_KEY_UISupportedInterfaceOrientations_iPad = "UIInterfaceOrientationPortrait UIInterfaceOrientationPortraitUpsideDown UIInterfaceOrientationLandscapeLeft UIInterfaceOrientationLandscapeRight";
				INFOPLIST_KEY_UISupportedInterfaceOrientations_iPhone = "UIInterfaceOrientationPortrait UIInterfaceOrientationLandscapeLeft UIInterfaceOrientationLandscapeRight";
				LD_RUNPATH_SEARCH_PATHS = (
					"$(inherited)",
					"@executable_path/Frameworks",
				);
				MARKETING_VERSION = 1.0;
				PRODUCT_BUNDLE_IDENTIFIER = lesson1.Agent;
				PRODUCT_NAME = "$(TARGET_NAME)";
				SWIFT_EMIT_LOC_STRINGS = YES;
				SWIFT_VERSION = 5.0;
				TARGETED_DEVICE_FAMILY = "1,2";
			};
			name = Release;
		};
/* End XCBuildConfiguration section */

/* Begin XCConfigurationList section */
		748E5A2F2ACD5C16007C2BB8 /* Build configuration list for PBXProject "Agent" */ = {
			isa = XCConfigurationList;
			buildConfigurations = (
				748E5A402ACD5C17007C2BB8 /* Debug */,
				748E5A412ACD5C17007C2BB8 /* Release */,
			);
			defaultConfigurationIsVisible = 0;
			defaultConfigurationName = Release;
		};
		748E5A422ACD5C17007C2BB8 /* Build configuration list for PBXNativeTarget "Agent" */ = {
			isa = XCConfigurationList;
			buildConfigurations = (
				748E5A432ACD5C17007C2BB8 /* Debug */,
				748E5A442ACD5C17007C2BB8 /* Release */,
			);
			defaultConfigurationIsVisible = 0;
			defaultConfigurationName = Release;
		};
/* End XCConfigurationList section */
	};
	rootObject = 748E5A2C2ACD5C16007C2BB8 /* Project object */;
}
